schema: '2.0'
stages:
  preprocess:
    cmd: python -m src.data.preprocess
    deps:
    - path: data/raw/raw_data.csv
      hash: md5
      md5: 55a146606be9355476c5e38643487e3b
      size: 61627058
    - path: src/data/preprocess.py
      hash: md5
      md5: 834a27eae5436543c4be025fcd2c4ce2
      size: 2182
    outs:
    - path: data/processed/processed_data.csv
      hash: md5
      md5: 82c77020db8f6e5bd6b747e35729678e
      size: 80038281
  train:
    cmd: python -m src.models.train_model
    deps:
    - path: data/processed/processed_data.csv
      hash: md5
      md5: 82c77020db8f6e5bd6b747e35729678e
      size: 80038281
    - path: src/models/pipelines.py
      hash: md5
      md5: 3d779fb421d167540ece18be862d03fc
      size: 1070
    - path: src/models/train_model.py
      hash: md5
      md5: 6a45cbe26630bb5c67b22d4c12af9695
      size: 2705
    outs:
    - path: models/linear_regression/metrics.json
      hash: md5
      md5: 228ada995da5ed3c6c2532bb05e940b9
      size: 136
    - path: models/linear_regression/model.joblib
      hash: md5
      md5: 254803a848474d8fc9e8bf9b53255ef3
      size: 2818347
    - path: models/random_forest/metrics.json
      hash: md5
      md5: 4bf14d9885b9ff6c78a34795f3dbdcbb
      size: 118
    - path: models/random_forest/model.joblib
      hash: md5
      md5: 184db57693aea8830c8ed857afa5326d
      size: 396009442
